{
  "projects": [
    {
      "projectId": "szjgMQpPpxhmkjnaBvZQJG",
      "version": "2.34.0",
      "dependencies": {},
      "lang": "ts",
      "fileLocks": [
        {
          "assetId": "szjgMQpPpxhmkjnaBvZQJG",
          "type": "projectCss",
          "checksum": "aa5602fb1c7760bdc8770a5a6b68262e"
        },
        {
          "assetId": "szjgMQpPpxhmkjnaBvZQJG",
          "checksum": "ed55b64e5535458ad86e33f6646dadc9",
          "type": "projectModule"
        },
        {
          "assetId": "szjgMQpPpxhmkjnaBvZQJG",
          "checksum": "fc47cd46c9aa57ddafa19b32ab29ce9d",
          "type": "styleTokensProvider"
        }
      ],
      "codegenVersion": "0.0.2"
    },
    {
      "projectId": "58GpZjZCWTaJ8AUhpCwt2K",
      "version": "3.34.0",
      "dependencies": {},
      "lang": "ts",
      "fileLocks": [
        {
          "assetId": "58GpZjZCWTaJ8AUhpCwt2K",
          "type": "projectCss",
          "checksum": "10b608311824a80e7c6511951671d9ed"
        },
        {
          "assetId": "58GpZjZCWTaJ8AUhpCwt2K",
          "checksum": "dd1bd3cd83a88e2a0cc47887c2f90093",
          "type": "projectModule"
        },
        {
          "assetId": "58GpZjZCWTaJ8AUhpCwt2K",
          "checksum": "f3e149b979cba0655755409bcb3982a8",
          "type": "styleTokensProvider"
        }
      ],
      "codegenVersion": "0.0.2"
    },
    {
      "projectId": "r3ASNrnyvLLLAtDvzUioQ",
      "version": "4.14.0",
      "dependencies": {},
      "lang": "ts",
      "fileLocks": [
        {
          "assetId": "r3ASNrnyvLLLAtDvzUioQ",
          "type": "projectCss",
          "checksum": "a92f8a81c335659a69443e50fd02af8c"
        },
        {
          "assetId": "r3ASNrnyvLLLAtDvzUioQ",
          "checksum": "846ced67e884d585685846cb36f03a5c",
          "type": "projectModule"
        },
        {
          "assetId": "r3ASNrnyvLLLAtDvzUioQ",
          "checksum": "6e6cccbb833b597eb714b131539c7bf5",
          "type": "styleTokensProvider"
        }
      ],
      "codegenVersion": "0.0.2"
    },
    {
      "projectId": "caTPwKxj5ZrD9LQ7DMdK4Z",
      "version": "3.48.0",
      "dependencies": {},
      "lang": "ts",
      "fileLocks": [
        {
          "assetId": "caTPwKxj5ZrD9LQ7DMdK4Z",
          "type": "projectCss",
          "checksum": "a92f8a81c335659a69443e50fd02af8c"
        },
        {
          "assetId": "caTPwKxj5ZrD9LQ7DMdK4Z",
          "checksum": "5f8b503a54d81c7ee5a80fe9a5b1455f",
          "type": "projectModule"
        },
        {
          "assetId": "caTPwKxj5ZrD9LQ7DMdK4Z",
          "checksum": "a64de52d4813f05feeef174d99168c7a",
          "type": "styleTokensProvider"
        }
      ],
      "codegenVersion": "0.0.2"
    },
    {
      "projectId": "ohDidvG9XsCeFumugENU3J",
      "version": "6.35.0",
      "dependencies": {},
      "lang": "ts",
      "fileLocks": [
        {
          "assetId": "ohDidvG9XsCeFumugENU3J",
          "type": "projectCss",
          "checksum": "3f9cfe65194658f53dac7546f4bf0ebe"
        },
        {
          "assetId": "ohDidvG9XsCeFumugENU3J",
          "checksum": "be3f0aaba617feb7e002ecfd303a0f73",
          "type": "globalContexts"
        },
        {
          "assetId": "ohDidvG9XsCeFumugENU3J",
          "checksum": "fb807fe3705f30ea295ebfad5287dd4b",
          "type": "projectModule"
        },
        {
          "assetId": "ohDidvG9XsCeFumugENU3J",
          "checksum": "89d9d71e8cbe5cd52b12e923833f83f8",
          "type": "styleTokensProvider"
        }
      ],
      "codegenVersion": "0.0.2"
    },
    {
      "projectId": "ou8ThpfYS6VZUK1hbxLRXQ",
      "version": "latest",
      "dependencies": {
        "ohDidvG9XsCeFumugENU3J": "6.35.0",
        "caTPwKxj5ZrD9LQ7DMdK4Z": "3.48.0",
        "r3ASNrnyvLLLAtDvzUioQ": "4.14.0",
        "58GpZjZCWTaJ8AUhpCwt2K": "3.34.0",
        "szjgMQpPpxhmkjnaBvZQJG": "2.34.0"
      },
      "lang": "ts",
      "fileLocks": [
        {
          "type": "globalVariant",
          "assetId": "VEGldqSW-jF4",
          "checksum": "92db7eb828152fb0f49c3c2529d9a20d"
        },
        {
          "assetId": "ou8ThpfYS6VZUK1hbxLRXQ",
          "checksum": "f122eb79d75abb8e6d2ed1b1dd6780b0",
          "type": "globalContexts"
        },
        {
          "assetId": "ou8ThpfYS6VZUK1hbxLRXQ",
          "checksum": "ddea1d88a30bf61c6543fe3443f54d3a",
          "type": "projectModule"
        },
        {
          "assetId": "ou8ThpfYS6VZUK1hbxLRXQ",
          "checksum": "63967ff3367bc561982cfe679b739c06",
          "type": "styleTokensProvider"
        },
        {
          "type": "renderModule",
          "assetId": "G2rYCqdNH6Hm",
          "checksum": "0ef2906c9a0748cbe57e0703439967bc"
        },
        {
          "type": "cssRules",
          "assetId": "G2rYCqdNH6Hm",
          "checksum": "0ef2906c9a0748cbe57e0703439967bc"
        },
        {
          "type": "renderModule",
          "assetId": "7C9jkHgm2lyp",
          "checksum": "38adf2cda23e2b61a3364f6f7e5cc30e"
        },
        {
          "type": "cssRules",
          "assetId": "7C9jkHgm2lyp",
          "checksum": "38adf2cda23e2b61a3364f6f7e5cc30e"
        },
        {
          "type": "renderModule",
          "assetId": "MKYhQOfYQUi6",
          "checksum": "0eaec4c58e6e158a2c78f62b8fd0279e"
        },
        {
          "type": "cssRules",
          "assetId": "MKYhQOfYQUi6",
          "checksum": "0eaec4c58e6e158a2c78f62b8fd0279e"
        },
        {
          "type": "renderModule",
          "assetId": "IXgktpxcbfmY",
          "checksum": "1644665d7279f6322c6220353502ca0d"
        },
        {
          "type": "cssRules",
          "assetId": "IXgktpxcbfmY",
          "checksum": "1644665d7279f6322c6220353502ca0d"
        },
        {
          "type": "renderModule",
          "assetId": "_yVyL2UZuyZX",
          "checksum": "37478f43e144ee7c9160af8c1fb3296c"
        },
        {
          "type": "cssRules",
          "assetId": "_yVyL2UZuyZX",
          "checksum": "37478f43e144ee7c9160af8c1fb3296c"
        },
        {
          "type": "renderModule",
          "assetId": "l8MDZyvChxxV",
          "checksum": "5d9dbf845412384ed9cf62e808bbd73c"
        },
        {
          "type": "cssRules",
          "assetId": "l8MDZyvChxxV",
          "checksum": "5d9dbf845412384ed9cf62e808bbd73c"
        },
        {
          "type": "renderModule",
          "assetId": "6jnWm9j1KkKn",
          "checksum": "892e0c4778b8e824b093d12c16687c57"
        },
        {
          "type": "cssRules",
          "assetId": "6jnWm9j1KkKn",
          "checksum": "892e0c4778b8e824b093d12c16687c57"
        },
        {
          "type": "renderModule",
          "assetId": "ZHPtj2-fhATx",
          "checksum": "7d1418b2ea56b7fea54e51656c36cd23"
        },
        {
          "type": "cssRules",
          "assetId": "ZHPtj2-fhATx",
          "checksum": "7d1418b2ea56b7fea54e51656c36cd23"
        },
        {
          "type": "renderModule",
          "assetId": "4YM-JBXS-hZU",
          "checksum": "0a910ac6b48d97cc0a270ea6e5ad1660"
        },
        {
          "type": "cssRules",
          "assetId": "4YM-JBXS-hZU",
          "checksum": "0a910ac6b48d97cc0a270ea6e5ad1660"
        },
        {
          "type": "renderModule",
          "assetId": "EQWDhZTq_KUf",
          "checksum": "7a27afd9e0ed0ed918b7ef6fbeddded0"
        },
        {
          "type": "cssRules",
          "assetId": "EQWDhZTq_KUf",
          "checksum": "7a27afd9e0ed0ed918b7ef6fbeddded0"
        },
        {
          "type": "renderModule",
          "assetId": "9YCxSAJZGfP1",
          "checksum": "0772f03867a1823f05a4fba0ddcdf117"
        },
        {
          "type": "cssRules",
          "assetId": "9YCxSAJZGfP1",
          "checksum": "0772f03867a1823f05a4fba0ddcdf117"
        },
        {
          "type": "renderModule",
          "assetId": "hPY1_yajvDOR",
          "checksum": "e7ca8474cdbb7f975a155ac195892389"
        },
        {
          "type": "cssRules",
          "assetId": "hPY1_yajvDOR",
          "checksum": "e7ca8474cdbb7f975a155ac195892389"
        },
        {
          "type": "renderModule",
          "assetId": "AvatJO9r0i6K",
          "checksum": "2af764738a708fb480e844d50de4def3"
        },
        {
          "type": "cssRules",
          "assetId": "AvatJO9r0i6K",
          "checksum": "2af764738a708fb480e844d50de4def3"
        },
        {
          "type": "renderModule",
          "assetId": "GMiZOBrki0Df",
          "checksum": "fc5638f7b831e100b111140ed0c97de5"
        },
        {
          "type": "cssRules",
          "assetId": "GMiZOBrki0Df",
          "checksum": "fc5638f7b831e100b111140ed0c97de5"
        },
        {
          "type": "renderModule",
          "assetId": "cXr2yxWZ-dl9",
          "checksum": "1624a5ccf9aa3ab3349fd68b057f6188"
        },
        {
          "type": "cssRules",
          "assetId": "cXr2yxWZ-dl9",
          "checksum": "1624a5ccf9aa3ab3349fd68b057f6188"
        },
        {
          "type": "renderModule",
          "assetId": "3k_BHnJBdi4l",
          "checksum": "a321fbb5f53b9ec5cd08953855fea808"
        },
        {
          "type": "cssRules",
          "assetId": "3k_BHnJBdi4l",
          "checksum": "a321fbb5f53b9ec5cd08953855fea808"
        },
        {
          "type": "renderModule",
          "assetId": "O1yVi1xD-sl9",
          "checksum": "8c5f4a4bde03a5994e4a3613da96891c"
        },
        {
          "type": "cssRules",
          "assetId": "O1yVi1xD-sl9",
          "checksum": "8c5f4a4bde03a5994e4a3613da96891c"
        },
        {
          "type": "renderModule",
          "assetId": "O9cDp8UAVzkN",
          "checksum": "f806c56c06a109c7fc576d68f7912e88"
        },
        {
          "type": "cssRules",
          "assetId": "O9cDp8UAVzkN",
          "checksum": "f806c56c06a109c7fc576d68f7912e88"
        },
        {
          "type": "renderModule",
          "assetId": "V_odmPGhGYn8",
          "checksum": "72835941e74f228be5eea19fb916e0c4"
        },
        {
          "type": "cssRules",
          "assetId": "V_odmPGhGYn8",
          "checksum": "72835941e74f228be5eea19fb916e0c4"
        },
        {
          "type": "renderModule",
          "assetId": "0dP--B-ZRDWW",
          "checksum": "ca372296f39171509394ffad146fc528"
        },
        {
          "type": "cssRules",
          "assetId": "0dP--B-ZRDWW",
          "checksum": "ca372296f39171509394ffad146fc528"
        },
        {
          "type": "renderModule",
          "assetId": "9ZKD6hhnIyjo",
          "checksum": "5479c4a418d5b053bb2aeb6df468c91d"
        },
        {
          "type": "cssRules",
          "assetId": "9ZKD6hhnIyjo",
          "checksum": "5479c4a418d5b053bb2aeb6df468c91d"
        },
        {
          "type": "icon",
          "assetId": "417HWuHpoWsp",
          "checksum": "1a4e09e2156063654a6f7a46630cf939"
        },
        {
          "type": "icon",
          "assetId": "1CeZcxBkI43M",
          "checksum": "0457948b9465d6d972329d0fac6bb2f4"
        },
        {
          "type": "icon",
          "assetId": "DXOMBoWApyWb",
          "checksum": "5a5043964804c12d6460746665691b94"
        },
        {
          "type": "icon",
          "assetId": "VW4NXuSx2Z5y",
          "checksum": "3ed2de02f7a72f873473b27ac5865770"
        },
        {
          "type": "icon",
          "assetId": "7MtfjLAiIjRd",
          "checksum": "7dea860cef9fb75b6d6e8fc865af4c0b"
        },
        {
          "type": "icon",
          "assetId": "gLr5U2WoY25f",
          "checksum": "fcdf7d6a0b3d235e09286b3dbd0dd0d1"
        },
        {
          "type": "icon",
          "assetId": "UfXesQOwAxO2",
          "checksum": "5a0bb303cc2eab3adc19576122ba7635"
        },
        {
          "type": "icon",
          "assetId": "J9ink8eBqpC4",
          "checksum": "7ef62741108fa91b0ec3ab09c18db441"
        },
        {
          "type": "icon",
          "assetId": "bOW3qO-vQzvV",
          "checksum": "825244fee7001c26aba4d1b11bcdd577"
        },
        {
          "type": "icon",
          "assetId": "NlGKyY1uxtmx",
          "checksum": "4c02d81283ab7cd5ec34b3063f3369e3"
        },
        {
          "type": "icon",
          "assetId": "zrD_AX1UN1KF",
          "checksum": "dc4f42cc4c76563d4fc3e637aaff7503"
        },
        {
          "type": "icon",
          "assetId": "2MeEWIgOiemd",
          "checksum": "e86f83346959a4f80a815cc17ac493df"
        },
        {
          "type": "icon",
          "assetId": "bb7RYdvfUTEx",
          "checksum": "2440f573ccb09dc8d178c4b52b598fd2"
        },
        {
          "type": "icon",
          "assetId": "jPH_aXeNw4Cy",
          "checksum": "347c78ff6bbfa2f7aeb8b866ac48b6b2"
        },
        {
          "type": "icon",
          "assetId": "-tNFn2WhUjU9",
          "checksum": "939849820611384f95973c5279c08083"
        },
        {
          "type": "icon",
          "assetId": "aXeSN0mZHMho",
          "checksum": "499021db07c36e79b35203043d55d072"
        },
        {
          "type": "icon",
          "assetId": "PGhsVzgFkbUU",
          "checksum": "33e361362ea7d71875a73d10333f2241"
        },
        {
          "type": "icon",
          "assetId": "C1UTuMfU-ihc",
          "checksum": "4282d3009f94f88d556bed23d443f9d3"
        },
        {
          "type": "icon",
          "assetId": "fG65OnFVmTVd",
          "checksum": "841aa088595ecd581703fe35d2221bc6"
        },
        {
          "type": "icon",
          "assetId": "DNfa-8iBVk_I",
          "checksum": "6547df8de9ebc06c85cf62c052b680f3"
        },
        {
          "type": "icon",
          "assetId": "DknGl_XntBLf",
          "checksum": "727c74180b8b18f18d386fb8ed3659ef"
        },
        {
          "type": "icon",
          "assetId": "ePLdFD4UvMsp",
          "checksum": "cbcef20aa99128a544717f813e11fa4c"
        },
        {
          "type": "icon",
          "assetId": "FIFSwzo8WUSo",
          "checksum": "ea237450df8a86c759bad8b971663662"
        },
        {
          "type": "icon",
          "assetId": "6162fsV_1OAC",
          "checksum": "800e3049d3957c241377a73bc026f230"
        },
        {
          "type": "icon",
          "assetId": "dPdGazncv22N",
          "checksum": "a528b06c16063a3e75a8957f7d2079ab"
        },
        {
          "type": "icon",
          "assetId": "noULHDDhQw-B",
          "checksum": "155a4bafada00a88c2098c673799a237"
        },
        {
          "type": "icon",
          "assetId": "OhBD_uR7S9J-",
          "checksum": "523c4208455aa841d5febf686d8daec7"
        },
        {
          "type": "icon",
          "assetId": "oM8Ic39-IWDJ",
          "checksum": "de7217c967356065fc6aac0841664b64"
        },
        {
          "type": "icon",
          "assetId": "wjfOLO0zY6Uu",
          "checksum": "1bd73fe2cf4aa113914acb1f22cdfecf"
        },
        {
          "type": "icon",
          "assetId": "64tM5KC_tVzq",
          "checksum": "2aa5c59e56d276bedb8a664c684218f6"
        },
        {
          "type": "icon",
          "assetId": "UhY-xNeCF10T",
          "checksum": "68d4f6448ff58a53cb11739fd619656b"
        },
        {
          "type": "icon",
          "assetId": "S4jNT4c4tzF3",
          "checksum": "538b719d6ab6ae380e3a2ff5f69163d7"
        },
        {
          "type": "icon",
          "assetId": "vBp62ufpITpS",
          "checksum": "8098bd487bca37443f6a5b8e9bad1f06"
        },
        {
          "type": "icon",
          "assetId": "DIrXGx022tI3",
          "checksum": "ad7486ab7af28b004ec9634be342949d"
        },
        {
          "type": "icon",
          "assetId": "eRB6fMXGS3QY",
          "checksum": "8f31d1d3672248e40eb44e57b6bf018b"
        },
        {
          "type": "icon",
          "assetId": "mJvorZL-eqlv",
          "checksum": "98183f2622d8ce09d0c8cccc81b395e2"
        },
        {
          "type": "icon",
          "assetId": "O40UAsganlhH",
          "checksum": "0427974d5a892ba9b0834f9a1926b7b8"
        },
        {
          "type": "icon",
          "assetId": "DXu9TVw3MmPJ",
          "checksum": "3acbcb1852bb4f5073318153f2d4af57"
        },
        {
          "type": "icon",
          "assetId": "pQKFcvcqSYYd",
          "checksum": "6f1d8458df9164126ea774bbd9bef51a"
        },
        {
          "type": "icon",
          "assetId": "fQiQPkJT-FBr",
          "checksum": "25700bcaf64913f710792f82e2455e88"
        },
        {
          "type": "icon",
          "assetId": "l4zPVSItiMTH",
          "checksum": "22019aed12abc96d79d14f783a16aadd"
        },
        {
          "type": "icon",
          "assetId": "vp4ZRrIqD0P4",
          "checksum": "cab2f09759d0257e7e3173a9fb8fa01c"
        },
        {
          "type": "icon",
          "assetId": "Z1o9hD7jJP1i",
          "checksum": "a6bb6585976bee09d8b37d05e16615cd"
        },
        {
          "type": "icon",
          "assetId": "U_e05U-Z1hEb",
          "checksum": "7bfa0d696eed8ad319b5bad858f7873a"
        },
        {
          "type": "icon",
          "assetId": "k5kOuLVNUagV",
          "checksum": "28418089634af13a4334f85e503e852a"
        },
        {
          "type": "icon",
          "assetId": "RO64hW0b3e7d",
          "checksum": "b49560c09075405bed502efbb6583aa4"
        },
        {
          "type": "icon",
          "assetId": "Zt3rWU8cUyPo",
          "checksum": "71c2c2428bbc0db3f23ab5dd5b4a33c7"
        },
        {
          "type": "icon",
          "assetId": "m8FVMlxx4LBp",
          "checksum": "9a92fc3f909d7848a8081956f7259b57"
        },
        {
          "type": "icon",
          "assetId": "VrXSeAWGeh3q",
          "checksum": "ab470b6682f169b3e083ffd78b8764c0"
        },
        {
          "type": "image",
          "assetId": "kwgbk3AaUswK",
          "checksum": "4eeec4ab53e7f68ea6c72d9113653842"
        },
        {
          "type": "image",
          "assetId": "rjcMhuZjKe53",
          "checksum": "0c36ea9440caec478b57ab9299646514"
        },
        {
          "type": "image",
          "assetId": "d1-KG_0jFguJ",
          "checksum": "2da5ca21837d50a15520b64c77b60f29"
        },
        {
          "type": "image",
          "assetId": "4FJIHOmkPclb",
          "checksum": "71e64010589514cf3c4761168774c29e"
        },
        {
          "type": "image",
          "assetId": "jDj1gn1rksUG",
          "checksum": "b03e284c9b0f6409db386cfa1fb5b755"
        },
        {
          "type": "image",
          "assetId": "Pn7mRZVNOPQ_",
          "checksum": "ebac10a4df9e9e70736529f2219a7220"
        },
        {
          "type": "image",
          "assetId": "DCOrldbSp7yg",
          "checksum": "a84f63f921c0b1e7fd1e351b8c0be0a3"
        },
        {
          "type": "image",
          "assetId": "-bDWPvGO8FrH",
          "checksum": "065dda7f2b65980771da8248e5ca0f0c"
        },
        {
          "type": "image",
          "assetId": "SRJMxnIzzGZ6",
          "checksum": "a138c1ce31d3cccde2c595a2f5fb8b34"
        },
        {
          "type": "image",
          "assetId": "FIF2Fk2gPoBf",
          "checksum": "673e41ff3eb7e11d316fe6f07cc3a4b1"
        },
        {
          "type": "image",
          "assetId": "WrFkT27zx-mV",
          "checksum": "04b05238fdf761656c61281322de203a"
        },
        {
          "type": "image",
          "assetId": "vKSWwuhb758N",
          "checksum": "043cb849dc3bb80050223f20d015e59b"
        },
        {
          "type": "image",
          "assetId": "xr18EWJ2igZW",
          "checksum": "eea9c965efc7794625a0d9c9e8aa0176"
        },
        {
          "type": "image",
          "assetId": "hyTGQo04Lf7l",
          "checksum": "4460bf86c3f2489d99d536d12b53ea77"
        },
        {
          "type": "image",
          "assetId": "LRdmgYxco1EO",
          "checksum": "6407d435a92b2da51210b68a05a6645f"
        },
        {
          "type": "image",
          "assetId": "m1Cj1KU84h10",
          "checksum": "50a6652e51a720fc3f64d8f68e729b0b"
        },
        {
          "type": "image",
          "assetId": "5nbmxmJMxSRj",
          "checksum": "b72052eae507ae5775b1c45c6f2e51c4"
        },
        {
          "type": "image",
          "assetId": "7rSaSN49CVpn",
          "checksum": "f2ac5147aa8204efc084fbb1c30d17b6"
        },
        {
          "type": "image",
          "assetId": "dkTbo43c1Y1T",
          "checksum": "f1eddafef40a8e032c4e6e39267dd27d"
        },
        {
          "type": "image",
          "assetId": "VdD9B5XcaqKM",
          "checksum": "9d2e35743712e89b8ee4242ecc30af70"
        },
        {
          "type": "image",
          "assetId": "H9lviLwfpm0f",
          "checksum": "3557570f03d725a5359752fd597157e7"
        },
        {
          "type": "image",
          "assetId": "BIprEVhrh-zP",
          "checksum": "ee6025e0cbebe606e396097bb6d70754"
        },
        {
          "type": "image",
          "assetId": "1VtIsH3SYtWL",
          "checksum": "1a4d1019294b0862ac328e1cee35e8da"
        },
        {
          "type": "image",
          "assetId": "GJHnpeugbSLg",
          "checksum": "21f0f8106d7ac992048f5de3ec86f4c7"
        },
        {
          "type": "image",
          "assetId": "vH4yzabOwIHj",
          "checksum": "d538c49bb6965fb816a3ce589d944e6e"
        },
        {
          "type": "image",
          "assetId": "rGH5i9GyJ_Qp",
          "checksum": "e3f98649f37b157c5ca2c7678f23b500"
        },
        {
          "type": "image",
          "assetId": "Z89dg0ttQ8OD",
          "checksum": "93c5a245a7430b26b66dfd859750c0f0"
        },
        {
          "type": "image",
          "assetId": "bgIFL2iBiqCS",
          "checksum": "28e6086ce386a7fa867e772adde00e76"
        },
        {
          "type": "image",
          "assetId": "5pnHaRMi0hHx",
          "checksum": "c4f04d2e1d1a49014ddd8d6527a14075"
        },
        {
          "type": "image",
          "assetId": "kDkLSGq1_Y84",
          "checksum": "57358febd87cd1e5a2d9b950ba395f91"
        },
        {
          "type": "image",
          "assetId": "0vIDozxD0J5C",
          "checksum": "5df94151e55e409d594ac50b9a549021"
        },
        {
          "type": "image",
          "assetId": "VL953TUdc4xK",
          "checksum": "3dc6af60c9b147e89c1bd7e1170477b9"
        },
        {
          "type": "image",
          "assetId": "d-NtwsFhDDHN",
          "checksum": "e7d8f37f7d592c1fa4e1262f162029a8"
        },
        {
          "type": "image",
          "assetId": "GYZ10ApswCBb",
          "checksum": "e708f0cd90b06fae3ec03da634770e10"
        },
        {
          "type": "image",
          "assetId": "rfYD5R8Z36Zj",
          "checksum": "824592c1c44356dc6be280fd93b62144"
        },
        {
          "type": "image",
          "assetId": "XCXPBU0Mz18X",
          "checksum": "c6c54b2ba1fd593103776919f140c55c"
        },
        {
          "type": "image",
          "assetId": "U5wFNt-7SnIN",
          "checksum": "d599749b9fd3e72e7917021bec22915a"
        },
        {
          "type": "image",
          "assetId": "VFq048ejUbMA",
          "checksum": "e9391b94dae3961db2a9f90051fbd9ff"
        },
        {
          "type": "image",
          "assetId": "NnLsuIovSLgK",
          "checksum": "9193510290507a15a13ced6694570256"
        },
        {
          "type": "image",
          "assetId": "LE-ALM-le-1K",
          "checksum": "397bf1352dd7faebcbf1ddf7a73f1f92"
        },
        {
          "type": "image",
          "assetId": "qckkI3zLNnbQ",
          "checksum": "731c3a216c825ac816d610e9280aa046"
        },
        {
          "type": "image",
          "assetId": "XmOrAWavg7-l",
          "checksum": "c361019d04091d6672dae1c26477ba1f"
        },
        {
          "type": "image",
          "assetId": "qDIBg0kY5LdK",
          "checksum": "a14cd02e0ba43fb7543d130375245be5"
        },
        {
          "type": "image",
          "assetId": "sqlUIEbHdHfW",
          "checksum": "1962c5732c3dd82c13098f9e5ccd409c"
        },
        {
          "type": "image",
          "assetId": "a60qI14Lc0zM",
          "checksum": "7b492af294702d94a1ec746ff0c8a722"
        },
        {
          "type": "image",
          "assetId": "VznZQ6gILzbW",
          "checksum": "c459e856446075a08b11351493fb8d55"
        },
        {
          "type": "image",
          "assetId": "Z-fis2-UphRd",
          "checksum": "52242ff807a388b8933990156b96cd85"
        },
        {
          "type": "image",
          "assetId": "hxa5brDVBf8S",
          "checksum": "ccd2434458a4aac405a5b58dd73d8dda"
        },
        {
          "type": "image",
          "assetId": "huzIzijOyBf8",
          "checksum": "712aab023fd4e5b763e1d1a613bcf7cc"
        },
        {
          "type": "image",
          "assetId": "64nfb2JmRjG6",
          "checksum": "f12d772bcd57c4ec23ca16a986097ea5"
        },
        {
          "type": "image",
          "assetId": "05CIEX46CAg5",
          "checksum": "16c39ddd2515a42c0da1a85f45f3e2a2"
        },
        {
          "type": "image",
          "assetId": "awlJaAndicq8",
          "checksum": "4974cf911316fd5bc5f161add4d62f34"
        },
        {
          "type": "image",
          "assetId": "9WgWot_khEoE",
          "checksum": "ae68b06a68bf2ee96cc175e6a1433485"
        },
        {
          "type": "image",
          "assetId": "X3PgpyaCVuH_",
          "checksum": "891919c7fdd9f193a945f39a6dce37c1"
        },
        {
          "type": "image",
          "assetId": "zv-T6Ngnthqw",
          "checksum": "1bdb75be7c6d7ccc1747cdd6aec2f06c"
        },
        {
          "type": "image",
          "assetId": "GxJHqceYlGj1",
          "checksum": "a995d0f7f4dfb4baed6faadfb4ddf165"
        },
        {
          "type": "image",
          "assetId": "bi--pggP6yQb",
          "checksum": "c7b1619ebdaab0be5b412c5a3687972f"
        },
        {
          "type": "image",
          "assetId": "m3o3z7HAffp3",
          "checksum": "76a05a15f768b7ab855cc3413a57f397"
        },
        {
          "type": "image",
          "assetId": "s_4bmbYrsVQe",
          "checksum": "a2425a6b82daa3a1b61fa194a37caa2a"
        },
        {
          "type": "image",
          "assetId": "hDxhfrCzdhyU",
          "checksum": "588bc78dd31994595f6b4d9900fea97f"
        },
        {
          "type": "image",
          "assetId": "7HIifnFw-vHk",
          "checksum": "a23b734c3c29415dc3a8117c9fd7cd8d"
        },
        {
          "type": "image",
          "assetId": "dGHbsnvHbAFp",
          "checksum": "4c990b6d4384457cf6668279b5cdd627"
        },
        {
          "type": "image",
          "assetId": "IqJxOkenEyyP",
          "checksum": "98b1bf049f2546813e61d8d9c7b067ce"
        },
        {
          "type": "image",
          "assetId": "T7gVtZfHr4vx",
          "checksum": "eb9025fbbc6e32b36bd0ceb847a24bf0"
        },
        {
          "type": "image",
          "assetId": "Ho5foPVh0llJ",
          "checksum": "783c91244331ffdab9704f0569806a07"
        },
        {
          "type": "image",
          "assetId": "Vxkghn0TZoIY",
          "checksum": "d7e9c56f4127c87d0616f28b451e9c2d"
        },
        {
          "type": "image",
          "assetId": "uQgfNBDmt5TD",
          "checksum": "b3ebd7c113f3382a77798cfc58a1b823"
        },
        {
          "type": "image",
          "assetId": "XH66dw1z7f4H",
          "checksum": "e0a2d66faadab311ced0ddcb5a76afb9"
        },
        {
          "type": "image",
          "assetId": "h_kp3d3UykM1",
          "checksum": "d8ea55f691f4646da9172d26a471303a"
        },
        {
          "type": "image",
          "assetId": "ok3Gn8zNd8-X",
          "checksum": "4ed7962491a90aebe8ab4c4b78c8b906"
        },
        {
          "type": "image",
          "assetId": "iPF-8T_wEvDc",
          "checksum": "94f5eee18660b7a2d118bee4177e1d9d"
        },
        {
          "type": "image",
          "assetId": "tjZ5ltaKLL32",
          "checksum": "f46ad985e82676c5977db3060ffdf8a4"
        },
        {
          "type": "image",
          "assetId": "6fLWr3r5UTdk",
          "checksum": "56eb8b3e23565c4f6403fc86dfca3f06"
        },
        {
          "type": "image",
          "assetId": "zxRNoA8-iX9l",
          "checksum": "bea6bf43a64f5666deac2cb88e7d4332"
        },
        {
          "type": "image",
          "assetId": "uN_s3apC65K2",
          "checksum": "c83e1cf851fa9a7f3cc0a08dc1f8f5c1"
        },
        {
          "type": "image",
          "assetId": "ONPLdk71mX5Q",
          "checksum": "699c86c2093df3d33cfacc3004507f2f"
        },
        {
          "type": "image",
          "assetId": "6qN1n46V1eoO",
          "checksum": "c1fc49867d1c1229015acbeec09b7a94"
        },
        {
          "type": "image",
          "assetId": "S4l6XFn82ZBI",
          "checksum": "46e27d53b74167773543805fb4c5af17"
        },
        {
          "type": "image",
          "assetId": "U4w7cNsCB410",
          "checksum": "23fda439c1dab74d02a5ecdb3e620e56"
        },
        {
          "type": "image",
          "assetId": "wwUZqorgHLH-",
          "checksum": "89b46eed5906bfa3b879eb4a074feefe"
        },
        {
          "type": "image",
          "assetId": "YNgbJ1basH2O",
          "checksum": "034232b908c6421ee543c65584035116"
        },
        {
          "type": "image",
          "assetId": "Q9H9As7Hezpr",
          "checksum": "6585fe50af005cb5f428a6c2de539d71"
        },
        {
          "type": "image",
          "assetId": "W6Q69-H_EW50",
          "checksum": "3c797a78a0909dbdffb07d822e77e085"
        },
        {
          "type": "image",
          "assetId": "WMcWYNg7J4q_",
          "checksum": "bbbec02e7c503e72032709b3bed6dcf7"
        },
        {
          "type": "image",
          "assetId": "4M8bSn1PPxsm",
          "checksum": "0a1a2de14e6814c3cd4f9cbe76ac0f7b"
        },
        {
          "type": "image",
          "assetId": "BxJ71vy2VDmR",
          "checksum": "5ac16259e267c306601a4659ea0fcdd8"
        },
        {
          "type": "image",
          "assetId": "ToQy_wwIzl0x",
          "checksum": "d5921d2bb559ca1dbc865ec1fd761539"
        },
        {
          "type": "image",
          "assetId": "QGu6-FP4NPuz",
          "checksum": "a74e61f4eb5d08efaea9ae2d5325f6e8"
        },
        {
          "type": "image",
          "assetId": "OlmemRniBAJ9",
          "checksum": "96c75de8ff854fb05db761a67ba694b0"
        },
        {
          "type": "image",
          "assetId": "x6Df2oLNjgjt",
          "checksum": "ea7b68d18a97bf1bca32b97d87ffbac5"
        },
        {
          "type": "image",
          "assetId": "uUdvsGuElbDI",
          "checksum": "5ae0e67b40c682334f19b99a72b2e073"
        },
        {
          "type": "image",
          "assetId": "XpnJiBWUFIzc",
          "checksum": "9d069e592c611ebb95b8ee29193cd502"
        },
        {
          "type": "image",
          "assetId": "rIl6MIskvg_9",
          "checksum": "887d8a11f4d99e315613e5c427538b69"
        },
        {
          "type": "image",
          "assetId": "SBeRuUvQLZ-U",
          "checksum": "6be2c454f46455f4149b4d66a9206778"
        },
        {
          "type": "image",
          "assetId": "MAQblv7xxxFF",
          "checksum": "67e786e2591dcd75776ee7e4d613147c"
        },
        {
          "type": "image",
          "assetId": "hY0PZSzJa73M",
          "checksum": "67d91cfa61e3dfbcd192c18ddc53bcb6"
        },
        {
          "type": "image",
          "assetId": "bS16pGqWy_n_",
          "checksum": "ac06422ea38eeb78e745df06a327018a"
        },
        {
          "type": "image",
          "assetId": "jN3P2ET6zSPy",
          "checksum": "939ea53b7963a52ad2e108e8bcf650ca"
        },
        {
          "type": "image",
          "assetId": "smrxvmn--RhV",
          "checksum": "076aaa712267f6e817ccd76140dc38d0"
        },
        {
          "type": "image",
          "assetId": "nR4LnxLVMfDT",
          "checksum": "c88353eda55e69df63352c49ba37271e"
        },
        {
          "type": "image",
          "assetId": "oMpkl_0Wn1RK",
          "checksum": "9d3c56e70ee31b94e0a7f2c75f6b23e2"
        },
        {
          "type": "image",
          "assetId": "zxJb083BMN-H",
          "checksum": "49a67dbfeed0675b5971fd74b212a487"
        },
        {
          "assetId": "ou8ThpfYS6VZUK1hbxLRXQ",
          "type": "projectCss",
          "checksum": "05860142635bd5b344c1885ee6af876b"
        }
      ],
      "codegenVersion": "0.0.2"
    }
  ],
  "cliVersion": "0.1.353"
}
